
Microsoft Visual Studio Solution File, Format Version 12.00
# Visual Studio Version 17
VisualStudioVersion = 17.11.35327.3
MinimumVisualStudioVersion = 10.0.40219.1
Project("{9A19103F-16F7-4668-BE54-9A1E7A4F7556}") = "Tyuiu.ZolotovaKA.Sprint1.Task0.V20", "Tyuiu.ZolotovaKA.Sprint1.Task0.V20\Tyuiu.ZolotovaKA.Sprint1.Task0.V20.csproj", "{786671F2-0E0E-4284-9AD9-2C8A855FFCA9}"
EndProject
Project("{2150E333-8FDC-42A3-9474-1A3956D46DE8}") = "Task0", "Task0", "{2C795DB1-1CB8-4A31-ABDF-BADA3B08B467}"
EndProject
Project("{2150E333-8FDC-42A3-9474-1A3956D46DE8}") = "Task1", "Task1", "{09524F7C-8E04-49E4-A02F-35C9F6F3B52B}"
EndProject
Project("{2150E333-8FDC-42A3-9474-1A3956D46DE8}") = "Task2", "Task2", "{BBE61C84-4120-4F44-A64B-758572EAB4E9}"
EndProject
Project("{2150E333-8FDC-42A3-9474-1A3956D46DE8}") = "Task3", "Task3", "{C0419E86-C116-4DCE-BB76-A2CC572ED9D1}"
EndProject
Project("{2150E333-8FDC-42A3-9474-1A3956D46DE8}") = "Task4", "Task4", "{AB22B214-945C-4E0C-8782-126A3E2405C8}"
EndProject
Project("{2150E333-8FDC-42A3-9474-1A3956D46DE8}") = "Task5", "Task5", "{A09FE15F-AB3C-4C8E-BC93-C63DFEE9069A}"
EndProject
Project("{9A19103F-16F7-4668-BE54-9A1E7A4F7556}") = "Tyuiu.ZolotovaKA.Sprint1.Task0.V20.Lib", "Tyuiu.ZolotovaKA.Sprint1.Task0.V20.Lib\Tyuiu.ZolotovaKA.Sprint1.Task0.V20.Lib.csproj", "{9111C354-9C3C-4EB7-B0A2-B31D10943314}"
EndProject
Project("{9A19103F-16F7-4668-BE54-9A1E7A4F7556}") = "Tyuiu.ZolotovaKA.Sprint1.Task0.V20.Test", "Tyuiu.ZolotovaKA.Sprint1.Task0.V20.Test\Tyuiu.ZolotovaKA.Sprint1.Task0.V20.Test.csproj", "{F9BB2B7B-5648-433F-8B42-463CA98DC1DC}"
EndProject
Project("{2150E333-8FDC-42A3-9474-1A3956D46DE8}") = "Task6", "Task6", "{E3D877BF-68C3-4029-A601-438FE962F248}"
EndProject
Project("{2150E333-8FDC-42A3-9474-1A3956D46DE8}") = "Task7", "Task7", "{E2782AAB-2F9D-401B-8896-D70862F9C868}"
EndProject
Project("{9A19103F-16F7-4668-BE54-9A1E7A4F7556}") = "Tyuiu.ZolotovaKA.Sprint1.Task1.V6", "Tyuiu.ZolotovaKA.Sprint1.Task1.V6\Tyuiu.ZolotovaKA.Sprint1.Task1.V6.csproj", "{D9A08B0C-A867-4FBE-9F94-BC0A8CFB3FD0}"
EndProject
Project("{9A19103F-16F7-4668-BE54-9A1E7A4F7556}") = "Tyuiu.ZolotovaKA.Sprint1.Task1.V6.Lib", "Tyuiu.ZolotovaKA.Sprint1.Task1.V6.Lib\Tyuiu.ZolotovaKA.Sprint1.Task1.V6.Lib.csproj", "{C50DF447-507F-4982-B9CB-0BEABB6A693E}"
EndProject
Project("{9A19103F-16F7-4668-BE54-9A1E7A4F7556}") = "Tyuiu.ZolotovaKA.Sprint1.Task1.V6.Test", "Tyuiu.ZolotovaKA.Sprint1.Task1.V6.Test\Tyuiu.ZolotovaKA.Sprint1.Task1.V6.Test.csproj", "{E166543D-E11E-4FE6-A02F-1F30F95B3DB4}"
EndProject
Project("{9A19103F-16F7-4668-BE54-9A1E7A4F7556}") = "Tyuiu.ZolotovaKA.Sprint1.Task2.V4.Lib", "Tyuiu.ZolotovaKA.Sprint1.Task2.V4.Lib\Tyuiu.ZolotovaKA.Sprint1.Task2.V4.Lib.csproj", "{7DAC4F8D-1B83-43C8-A5CF-E26A07BFA158}"
EndProject
Project("{9A19103F-16F7-4668-BE54-9A1E7A4F7556}") = "Tyuiu.ZolotovaKA.Sprint1.Task2.V4", "Tyuiu.ZolotovaKA.Sprint1.Task2.V4\Tyuiu.ZolotovaKA.Sprint1.Task2.V4.csproj", "{8CE89136-4C7A-4500-BA2E-C46A1D2F97E0}"
EndProject
Project("{9A19103F-16F7-4668-BE54-9A1E7A4F7556}") = "Tyuiu.ZolotovaKA.Sprint1.Task2.V4.Test", "Tyuiu.ZolotovaKA.Sprint1.Task2.V4.Test\Tyuiu.ZolotovaKA.Sprint1.Task2.V4.Test.csproj", "{2152B6A8-58C9-4891-8564-BB0708C639A3}"
EndProject
Project("{FAE04EC0-301F-11D3-BF4B-00C04F79EFBC}") = "Tyuiu.ZolotovaKA.Sprint1.Task3.V3", "Tyuiu.ZolotovaKA.Sprint1.Task3.V3\Tyuiu.ZolotovaKA.Sprint1.Task3.V3.csproj", "{E4FE3211-680F-415A-85BB-352D48D34BBD}"
EndProject
Project("{FAE04EC0-301F-11D3-BF4B-00C04F79EFBC}") = "Tyuiu.ZolotovaKA.Sprint1.Task3.V3.Lib", "Tyuiu.ZolotovaKA.Sprint1.Task3.V3.Lib\Tyuiu.ZolotovaKA.Sprint1.Task3.V3.Lib.csproj", "{544E4BDD-403C-4225-8A75-3CEE19CBF375}"
EndProject
Project("{FAE04EC0-301F-11D3-BF4B-00C04F79EFBC}") = "Tyuiu.ZolotovaKA.Sprint1.Task3.V3.Test", "Tyuiu.ZolotovaKA.Sprint1.Task3.V3.Test\Tyuiu.ZolotovaKA.Sprint1.Task3.V3.Test.csproj", "{CF66E24C-3362-4BC4-A1E9-FF657E814423}"
EndProject
Project("{FAE04EC0-301F-11D3-BF4B-00C04F79EFBC}") = "Tyuiu.ZolotovaKA.Sprint1.Task4.V26", "Tyuiu.ZolotovaKA.Sprint1.Task4.V26\Tyuiu.ZolotovaKA.Sprint1.Task4.V26.csproj", "{4C94BA20-F8BF-4872-AEE5-22638D6B36BA}"
EndProject
Project("{FAE04EC0-301F-11D3-BF4B-00C04F79EFBC}") = "Tyuiu.ZolotovaKA.Sprint1.Task4.V26.Lib", "Tyuiu.ZolotovaKA.Sprint1.Task4.V26.Lib\Tyuiu.ZolotovaKA.Sprint1.Task4.V26.Lib.csproj", "{A997272F-34B5-41D2-AB81-5C9527E9605C}"
EndProject
Project("{FAE04EC0-301F-11D3-BF4B-00C04F79EFBC}") = "Tyuiu.ZolotovaKA.Sprint1.Task4.V26.Test", "Tyuiu.ZolotovaKA.Sprint1.Task4.V26.Test\Tyuiu.ZolotovaKA.Sprint1.Task4.V26.Test.csproj", "{A8127D74-DD4A-4212-852D-545E58BC9AF1}"
EndProject
Project("{FAE04EC0-301F-11D3-BF4B-00C04F79EFBC}") = "Tyuiu.ZolotovaKA.Sprint1.Task5.V5", "Tyuiu.ZolotovaKA.Sprint1.Task5.V5\Tyuiu.ZolotovaKA.Sprint1.Task5.V5.csproj", "{7ABBDA48-36F2-4B40-9D6B-6D283EB6CC2F}"
EndProject
Project("{FAE04EC0-301F-11D3-BF4B-00C04F79EFBC}") = "Tyuiu.ZolotovaKA.Sprint1.Task5.V5.Test", "Tyuiu.ZolotovaKA.Sprint1.Task5.V5.Test\Tyuiu.ZolotovaKA.Sprint1.Task5.V5.Test.csproj", "{0AC06EDD-C08A-42B9-9CCB-4E4625738AA3}"
EndProject
Project("{FAE04EC0-301F-11D3-BF4B-00C04F79EFBC}") = "Tyuiu.ZolotovaKA.Sprint1.Task5.V5.Lib", "Tyuiu.ZolotovaKA.Sprint1.Task5.V5.Lib\Tyuiu.ZolotovaKA.Sprint1.Task5.V5.Lib.csproj", "{24FD09B8-EAB0-4E89-AFD1-95F53469831C}"
EndProject
Project("{FAE04EC0-301F-11D3-BF4B-00C04F79EFBC}") = "Tyuiu.ZolotovaKA.Sprint1.Task6.V13", "Tyuiu.ZolotovaKA.Sprint1.Task6.V13\Tyuiu.ZolotovaKA.Sprint1.Task6.V13.csproj", "{9E656FB3-AE1F-4654-9B1B-CD5C525A1B6B}"
EndProject
Project("{FAE04EC0-301F-11D3-BF4B-00C04F79EFBC}") = "Tyuiu.ZolotovaKA.Sprint1.Task6.V13.Lib", "Tyuiu.ZolotovaKA.Sprint1.Task6.V13.Lib\Tyuiu.ZolotovaKA.Sprint1.Task6.V13.Lib.csproj", "{3E59AAC6-1107-45B9-B737-05C0F5AC972B}"
EndProject
Project("{FAE04EC0-301F-11D3-BF4B-00C04F79EFBC}") = "Tyuiu.ZolotovaKA.Sprint1.Task6.V13.Test", "Tyuiu.ZolotovaKA.Sprint1.Task6.V13.Test\Tyuiu.ZolotovaKA.Sprint1.Task6.V13.Test.csproj", "{A8633C7A-07D7-4E31-8377-5CA57561C0A4}"
EndProject
Project("{FAE04EC0-301F-11D3-BF4B-00C04F79EFBC}") = "Tyuiu.ZolotovaKA.Sprint1.Task7.V15", "Tyuiu.ZolotovaKA.Sprint1.Task7.V15\Tyuiu.ZolotovaKA.Sprint1.Task7.V15.csproj", "{2502346F-E469-4BC5-ACA7-923C83D42F5E}"
EndProject
Project("{FAE04EC0-301F-11D3-BF4B-00C04F79EFBC}") = "Tyuiu.ZolotovaKA.Sprint1.Task7.V15.Lib", "Tyuiu.ZolotovaKA.Sprint1.Task7.V15.Lib\Tyuiu.ZolotovaKA.Sprint1.Task7.V15.Lib.csproj", "{C3FA29C2-B15F-465F-AC27-ABEBE6CB01E6}"
EndProject
Project("{FAE04EC0-301F-11D3-BF4B-00C04F79EFBC}") = "Tyuiu.ZolotovaKA.Sprint1.Task7.V15.Test", "Tyuiu.ZolotovaKA.Sprint1.Task7.V15.Test\Tyuiu.ZolotovaKA.Sprint1.Task7.V15.Test.csproj", "{DB1BFBE5-09E4-44B1-BAC3-A719E33AA2F3}"
EndProject
Global
	GlobalSection(SolutionConfigurationPlatforms) = preSolution
		Debug|Any CPU = Debug|Any CPU
		Release|Any CPU = Release|Any CPU
	EndGlobalSection
	GlobalSection(ProjectConfigurationPlatforms) = postSolution
		{786671F2-0E0E-4284-9AD9-2C8A855FFCA9}.Debug|Any CPU.ActiveCfg = Debug|Any CPU
		{786671F2-0E0E-4284-9AD9-2C8A855FFCA9}.Debug|Any CPU.Build.0 = Debug|Any CPU
		{786671F2-0E0E-4284-9AD9-2C8A855FFCA9}.Release|Any CPU.ActiveCfg = Release|Any CPU
		{786671F2-0E0E-4284-9AD9-2C8A855FFCA9}.Release|Any CPU.Build.0 = Release|Any CPU
		{9111C354-9C3C-4EB7-B0A2-B31D10943314}.Debug|Any CPU.ActiveCfg = Debug|Any CPU
		{9111C354-9C3C-4EB7-B0A2-B31D10943314}.Debug|Any CPU.Build.0 = Debug|Any CPU
		{9111C354-9C3C-4EB7-B0A2-B31D10943314}.Release|Any CPU.ActiveCfg = Release|Any CPU
		{9111C354-9C3C-4EB7-B0A2-B31D10943314}.Release|Any CPU.Build.0 = Release|Any CPU
		{F9BB2B7B-5648-433F-8B42-463CA98DC1DC}.Debug|Any CPU.ActiveCfg = Debug|Any CPU
		{F9BB2B7B-5648-433F-8B42-463CA98DC1DC}.Debug|Any CPU.Build.0 = Debug|Any CPU
		{F9BB2B7B-5648-433F-8B42-463CA98DC1DC}.Release|Any CPU.ActiveCfg = Release|Any CPU
		{F9BB2B7B-5648-433F-8B42-463CA98DC1DC}.Release|Any CPU.Build.0 = Release|Any CPU
		{D9A08B0C-A867-4FBE-9F94-BC0A8CFB3FD0}.Debug|Any CPU.ActiveCfg = Debug|Any CPU
		{D9A08B0C-A867-4FBE-9F94-BC0A8CFB3FD0}.Debug|Any CPU.Build.0 = Debug|Any CPU
		{D9A08B0C-A867-4FBE-9F94-BC0A8CFB3FD0}.Release|Any CPU.ActiveCfg = Release|Any CPU
		{D9A08B0C-A867-4FBE-9F94-BC0A8CFB3FD0}.Release|Any CPU.Build.0 = Release|Any CPU
		{C50DF447-507F-4982-B9CB-0BEABB6A693E}.Debug|Any CPU.ActiveCfg = Debug|Any CPU
		{C50DF447-507F-4982-B9CB-0BEABB6A693E}.Debug|Any CPU.Build.0 = Debug|Any CPU
		{C50DF447-507F-4982-B9CB-0BEABB6A693E}.Release|Any CPU.ActiveCfg = Release|Any CPU
		{C50DF447-507F-4982-B9CB-0BEABB6A693E}.Release|Any CPU.Build.0 = Release|Any CPU
		{E166543D-E11E-4FE6-A02F-1F30F95B3DB4}.Debug|Any CPU.ActiveCfg = Debug|Any CPU
		{E166543D-E11E-4FE6-A02F-1F30F95B3DB4}.Debug|Any CPU.Build.0 = Debug|Any CPU
		{E166543D-E11E-4FE6-A02F-1F30F95B3DB4}.Release|Any CPU.ActiveCfg = Release|Any CPU
		{E166543D-E11E-4FE6-A02F-1F30F95B3DB4}.Release|Any CPU.Build.0 = Release|Any CPU
		{7DAC4F8D-1B83-43C8-A5CF-E26A07BFA158}.Debug|Any CPU.ActiveCfg = Debug|Any CPU
		{7DAC4F8D-1B83-43C8-A5CF-E26A07BFA158}.Debug|Any CPU.Build.0 = Debug|Any CPU
		{7DAC4F8D-1B83-43C8-A5CF-E26A07BFA158}.Release|Any CPU.ActiveCfg = Release|Any CPU
		{7DAC4F8D-1B83-43C8-A5CF-E26A07BFA158}.Release|Any CPU.Build.0 = Release|Any CPU
		{8CE89136-4C7A-4500-BA2E-C46A1D2F97E0}.Debug|Any CPU.ActiveCfg = Debug|Any CPU
		{8CE89136-4C7A-4500-BA2E-C46A1D2F97E0}.Debug|Any CPU.Build.0 = Debug|Any CPU
		{8CE89136-4C7A-4500-BA2E-C46A1D2F97E0}.Release|Any CPU.ActiveCfg = Release|Any CPU
		{8CE89136-4C7A-4500-BA2E-C46A1D2F97E0}.Release|Any CPU.Build.0 = Release|Any CPU
		{2152B6A8-58C9-4891-8564-BB0708C639A3}.Debug|Any CPU.ActiveCfg = Debug|Any CPU
		{2152B6A8-58C9-4891-8564-BB0708C639A3}.Debug|Any CPU.Build.0 = Debug|Any CPU
		{2152B6A8-58C9-4891-8564-BB0708C639A3}.Release|Any CPU.ActiveCfg = Release|Any CPU
		{2152B6A8-58C9-4891-8564-BB0708C639A3}.Release|Any CPU.Build.0 = Release|Any CPU
		{E4FE3211-680F-415A-85BB-352D48D34BBD}.Debug|Any CPU.ActiveCfg = Debug|Any CPU
		{E4FE3211-680F-415A-85BB-352D48D34BBD}.Debug|Any CPU.Build.0 = Debug|Any CPU
		{E4FE3211-680F-415A-85BB-352D48D34BBD}.Release|Any CPU.ActiveCfg = Release|Any CPU
		{E4FE3211-680F-415A-85BB-352D48D34BBD}.Release|Any CPU.Build.0 = Release|Any CPU
		{544E4BDD-403C-4225-8A75-3CEE19CBF375}.Debug|Any CPU.ActiveCfg = Debug|Any CPU
		{544E4BDD-403C-4225-8A75-3CEE19CBF375}.Debug|Any CPU.Build.0 = Debug|Any CPU
		{544E4BDD-403C-4225-8A75-3CEE19CBF375}.Release|Any CPU.ActiveCfg = Release|Any CPU
		{544E4BDD-403C-4225-8A75-3CEE19CBF375}.Release|Any CPU.Build.0 = Release|Any CPU
		{CF66E24C-3362-4BC4-A1E9-FF657E814423}.Debug|Any CPU.ActiveCfg = Debug|Any CPU
		{CF66E24C-3362-4BC4-A1E9-FF657E814423}.Debug|Any CPU.Build.0 = Debug|Any CPU
		{CF66E24C-3362-4BC4-A1E9-FF657E814423}.Release|Any CPU.ActiveCfg = Release|Any CPU
		{CF66E24C-3362-4BC4-A1E9-FF657E814423}.Release|Any CPU.Build.0 = Release|Any CPU
		{4C94BA20-F8BF-4872-AEE5-22638D6B36BA}.Debug|Any CPU.ActiveCfg = Debug|Any CPU
		{4C94BA20-F8BF-4872-AEE5-22638D6B36BA}.Debug|Any CPU.Build.0 = Debug|Any CPU
		{4C94BA20-F8BF-4872-AEE5-22638D6B36BA}.Release|Any CPU.ActiveCfg = Release|Any CPU
		{4C94BA20-F8BF-4872-AEE5-22638D6B36BA}.Release|Any CPU.Build.0 = Release|Any CPU
		{A997272F-34B5-41D2-AB81-5C9527E9605C}.Debug|Any CPU.ActiveCfg = Debug|Any CPU
		{A997272F-34B5-41D2-AB81-5C9527E9605C}.Debug|Any CPU.Build.0 = Debug|Any CPU
		{A997272F-34B5-41D2-AB81-5C9527E9605C}.Release|Any CPU.ActiveCfg = Release|Any CPU
		{A997272F-34B5-41D2-AB81-5C9527E9605C}.Release|Any CPU.Build.0 = Release|Any CPU
		{A8127D74-DD4A-4212-852D-545E58BC9AF1}.Debug|Any CPU.ActiveCfg = Debug|Any CPU
		{A8127D74-DD4A-4212-852D-545E58BC9AF1}.Debug|Any CPU.Build.0 = Debug|Any CPU
		{A8127D74-DD4A-4212-852D-545E58BC9AF1}.Release|Any CPU.ActiveCfg = Release|Any CPU
		{A8127D74-DD4A-4212-852D-545E58BC9AF1}.Release|Any CPU.Build.0 = Release|Any CPU
		{7ABBDA48-36F2-4B40-9D6B-6D283EB6CC2F}.Debug|Any CPU.ActiveCfg = Debug|Any CPU
		{7ABBDA48-36F2-4B40-9D6B-6D283EB6CC2F}.Debug|Any CPU.Build.0 = Debug|Any CPU
		{7ABBDA48-36F2-4B40-9D6B-6D283EB6CC2F}.Release|Any CPU.ActiveCfg = Release|Any CPU
		{7ABBDA48-36F2-4B40-9D6B-6D283EB6CC2F}.Release|Any CPU.Build.0 = Release|Any CPU
		{0AC06EDD-C08A-42B9-9CCB-4E4625738AA3}.Debug|Any CPU.ActiveCfg = Debug|Any CPU
		{0AC06EDD-C08A-42B9-9CCB-4E4625738AA3}.Debug|Any CPU.Build.0 = Debug|Any CPU
		{0AC06EDD-C08A-42B9-9CCB-4E4625738AA3}.Release|Any CPU.ActiveCfg = Release|Any CPU
		{0AC06EDD-C08A-42B9-9CCB-4E4625738AA3}.Release|Any CPU.Build.0 = Release|Any CPU
		{24FD09B8-EAB0-4E89-AFD1-95F53469831C}.Debug|Any CPU.ActiveCfg = Debug|Any CPU
		{24FD09B8-EAB0-4E89-AFD1-95F53469831C}.Debug|Any CPU.Build.0 = Debug|Any CPU
		{24FD09B8-EAB0-4E89-AFD1-95F53469831C}.Release|Any CPU.ActiveCfg = Release|Any CPU
		{24FD09B8-EAB0-4E89-AFD1-95F53469831C}.Release|Any CPU.Build.0 = Release|Any CPU
		{9E656FB3-AE1F-4654-9B1B-CD5C525A1B6B}.Debug|Any CPU.ActiveCfg = Debug|Any CPU
		{9E656FB3-AE1F-4654-9B1B-CD5C525A1B6B}.Debug|Any CPU.Build.0 = Debug|Any CPU
		{9E656FB3-AE1F-4654-9B1B-CD5C525A1B6B}.Release|Any CPU.ActiveCfg = Release|Any CPU
		{9E656FB3-AE1F-4654-9B1B-CD5C525A1B6B}.Release|Any CPU.Build.0 = Release|Any CPU
		{3E59AAC6-1107-45B9-B737-05C0F5AC972B}.Debug|Any CPU.ActiveCfg = Debug|Any CPU
		{3E59AAC6-1107-45B9-B737-05C0F5AC972B}.Debug|Any CPU.Build.0 = Debug|Any CPU
		{3E59AAC6-1107-45B9-B737-05C0F5AC972B}.Release|Any CPU.ActiveCfg = Release|Any CPU
		{3E59AAC6-1107-45B9-B737-05C0F5AC972B}.Release|Any CPU.Build.0 = Release|Any CPU
		{A8633C7A-07D7-4E31-8377-5CA57561C0A4}.Debug|Any CPU.ActiveCfg = Debug|Any CPU
		{A8633C7A-07D7-4E31-8377-5CA57561C0A4}.Debug|Any CPU.Build.0 = Debug|Any CPU
		{A8633C7A-07D7-4E31-8377-5CA57561C0A4}.Release|Any CPU.ActiveCfg = Release|Any CPU
		{A8633C7A-07D7-4E31-8377-5CA57561C0A4}.Release|Any CPU.Build.0 = Release|Any CPU
		{2502346F-E469-4BC5-ACA7-923C83D42F5E}.Debug|Any CPU.ActiveCfg = Debug|Any CPU
		{2502346F-E469-4BC5-ACA7-923C83D42F5E}.Debug|Any CPU.Build.0 = Debug|Any CPU
		{2502346F-E469-4BC5-ACA7-923C83D42F5E}.Release|Any CPU.ActiveCfg = Release|Any CPU
		{2502346F-E469-4BC5-ACA7-923C83D42F5E}.Release|Any CPU.Build.0 = Release|Any CPU
		{C3FA29C2-B15F-465F-AC27-ABEBE6CB01E6}.Debug|Any CPU.ActiveCfg = Debug|Any CPU
		{C3FA29C2-B15F-465F-AC27-ABEBE6CB01E6}.Debug|Any CPU.Build.0 = Debug|Any CPU
		{C3FA29C2-B15F-465F-AC27-ABEBE6CB01E6}.Release|Any CPU.ActiveCfg = Release|Any CPU
		{C3FA29C2-B15F-465F-AC27-ABEBE6CB01E6}.Release|Any CPU.Build.0 = Release|Any CPU
		{DB1BFBE5-09E4-44B1-BAC3-A719E33AA2F3}.Debug|Any CPU.ActiveCfg = Debug|Any CPU
		{DB1BFBE5-09E4-44B1-BAC3-A719E33AA2F3}.Debug|Any CPU.Build.0 = Debug|Any CPU
		{DB1BFBE5-09E4-44B1-BAC3-A719E33AA2F3}.Release|Any CPU.ActiveCfg = Release|Any CPU
		{DB1BFBE5-09E4-44B1-BAC3-A719E33AA2F3}.Release|Any CPU.Build.0 = Release|Any CPU
	EndGlobalSection
	GlobalSection(SolutionProperties) = preSolution
		HideSolutionNode = FALSE
	EndGlobalSection
	GlobalSection(NestedProjects) = preSolution
		{786671F2-0E0E-4284-9AD9-2C8A855FFCA9} = {2C795DB1-1CB8-4A31-ABDF-BADA3B08B467}
		{9111C354-9C3C-4EB7-B0A2-B31D10943314} = {2C795DB1-1CB8-4A31-ABDF-BADA3B08B467}
		{F9BB2B7B-5648-433F-8B42-463CA98DC1DC} = {2C795DB1-1CB8-4A31-ABDF-BADA3B08B467}
		{D9A08B0C-A867-4FBE-9F94-BC0A8CFB3FD0} = {09524F7C-8E04-49E4-A02F-35C9F6F3B52B}
		{C50DF447-507F-4982-B9CB-0BEABB6A693E} = {09524F7C-8E04-49E4-A02F-35C9F6F3B52B}
		{E166543D-E11E-4FE6-A02F-1F30F95B3DB4} = {09524F7C-8E04-49E4-A02F-35C9F6F3B52B}
		{7DAC4F8D-1B83-43C8-A5CF-E26A07BFA158} = {BBE61C84-4120-4F44-A64B-758572EAB4E9}
		{8CE89136-4C7A-4500-BA2E-C46A1D2F97E0} = {BBE61C84-4120-4F44-A64B-758572EAB4E9}
		{2152B6A8-58C9-4891-8564-BB0708C639A3} = {BBE61C84-4120-4F44-A64B-758572EAB4E9}
		{E4FE3211-680F-415A-85BB-352D48D34BBD} = {C0419E86-C116-4DCE-BB76-A2CC572ED9D1}
		{544E4BDD-403C-4225-8A75-3CEE19CBF375} = {C0419E86-C116-4DCE-BB76-A2CC572ED9D1}
		{CF66E24C-3362-4BC4-A1E9-FF657E814423} = {C0419E86-C116-4DCE-BB76-A2CC572ED9D1}
		{4C94BA20-F8BF-4872-AEE5-22638D6B36BA} = {AB22B214-945C-4E0C-8782-126A3E2405C8}
		{A997272F-34B5-41D2-AB81-5C9527E9605C} = {AB22B214-945C-4E0C-8782-126A3E2405C8}
		{A8127D74-DD4A-4212-852D-545E58BC9AF1} = {AB22B214-945C-4E0C-8782-126A3E2405C8}
		{7ABBDA48-36F2-4B40-9D6B-6D283EB6CC2F} = {A09FE15F-AB3C-4C8E-BC93-C63DFEE9069A}
		{0AC06EDD-C08A-42B9-9CCB-4E4625738AA3} = {A09FE15F-AB3C-4C8E-BC93-C63DFEE9069A}
		{24FD09B8-EAB0-4E89-AFD1-95F53469831C} = {A09FE15F-AB3C-4C8E-BC93-C63DFEE9069A}
		{9E656FB3-AE1F-4654-9B1B-CD5C525A1B6B} = {E3D877BF-68C3-4029-A601-438FE962F248}
		{3E59AAC6-1107-45B9-B737-05C0F5AC972B} = {E3D877BF-68C3-4029-A601-438FE962F248}
		{A8633C7A-07D7-4E31-8377-5CA57561C0A4} = {E3D877BF-68C3-4029-A601-438FE962F248}
		{2502346F-E469-4BC5-ACA7-923C83D42F5E} = {E2782AAB-2F9D-401B-8896-D70862F9C868}
		{C3FA29C2-B15F-465F-AC27-ABEBE6CB01E6} = {E2782AAB-2F9D-401B-8896-D70862F9C868}
		{DB1BFBE5-09E4-44B1-BAC3-A719E33AA2F3} = {E2782AAB-2F9D-401B-8896-D70862F9C868}
	EndGlobalSection
	GlobalSection(ExtensibilityGlobals) = postSolution
		SolutionGuid = {75040B7B-54C5-403B-8CF7-8BA5E76882D3}
	EndGlobalSection
EndGlobal
